
Microsoft Visual Studio Solution File, Format Version 12.00
# Visual Studio Version 16
VisualStudioVersion = 16.0.31410.357
MinimumVisualStudioVersion = 10.0.40219.1
Project("{9A19103F-16F7-4668-BE54-9A1E7A4F7556}") = "TwitchArchiverWPF", "TwitchArchiverWPF\TwitchArchiverWPF.csproj", "{643D7097-18BE-4CCD-988B-E3C8B60F4B40}"
EndProject
Project("{54435603-DBB4-11D2-8724-00A0C9A8B90C}") = "Setup", "Setup\Setup.vdproj", "{D07836E7-CADE-4CBD-B79E-ED0DA005917B}"
EndProject
Global
	GlobalSection(SolutionConfigurationPlatforms) = preSolution
		Debug|Any CPU = Debug|Any CPU
		Release|Any CPU = Release|Any CPU
	EndGlobalSection
	GlobalSection(ProjectConfigurationPlatforms) = postSolution
		{643D7097-18BE-4CCD-988B-E3C8B60F4B40}.Debug|Any CPU.ActiveCfg = Debug|Any CPU
		{643D7097-18BE-4CCD-988B-E3C8B60F4B40}.Debug|Any CPU.Build.0 = Debug|Any CPU
		{643D7097-18BE-4CCD-988B-E3C8B60F4B40}.Release|Any CPU.ActiveCfg = Release|Any CPU
		{643D7097-18BE-4CCD-988B-E3C8B60F4B40}.Release|Any CPU.Build.0 = Release|Any CPU
		{D07836E7-CADE-4CBD-B79E-ED0DA005917B}.Debug|Any CPU.ActiveCfg = Release
		{D07836E7-CADE-4CBD-B79E-ED0DA005917B}.Debug|Any CPU.Build.0 = Release
		{D07836E7-CADE-4CBD-B79E-ED0DA005917B}.Release|Any CPU.ActiveCfg = Release
		{D07836E7-CADE-4CBD-B79E-ED0DA005917B}.Release|Any CPU.Build.0 = Release
	EndGlobalSection
	GlobalSection(SolutionProperties) = preSolution
		HideSolutionNode = FALSE
	EndGlobalSection
	GlobalSection(ExtensibilityGlobals) = postSolution
		SolutionGuid = {D34A462F-9D8D-4254-B144-6A7FA1A34F31}
	EndGlobalSection
EndGlobal
