
Microsoft Visual Studio Solution File, Format Version 12.00
# Visual Studio Version 17
VisualStudioVersion = 17.0.31512.422
MinimumVisualStudioVersion = 10.0.40219.1
Project("{FAE04EC0-301F-11D3-BF4B-00C04F79EFBC}") = "TwitchArchiverWPF", "TwitchArchiverWPF\TwitchArchiverWPF.csproj", "{643D7097-18BE-4CCD-988B-E3C8B60F4B40}"
EndProject
Global
	GlobalSection(SolutionConfigurationPlatforms) = preSolution
		Debug|Any CPU = Debug|Any CPU
		Release|Any CPU = Release|Any CPU
	EndGlobalSection
	GlobalSection(ProjectConfigurationPlatforms) = postSolution
		{643D7097-18BE-4CCD-988B-E3C8B60F4B40}.Debug|Any CPU.ActiveCfg = Debug|Any CPU
		{643D7097-18BE-4CCD-988B-E3C8B60F4B40}.Debug|Any CPU.Build.0 = Debug|Any CPU
		{643D7097-18BE-4CCD-988B-E3C8B60F4B40}.Release|Any CPU.ActiveCfg = Release|Any CPU
		{643D7097-18BE-4CCD-988B-E3C8B60F4B40}.Release|Any CPU.Build.0 = Release|Any CPU
	EndGlobalSection
	GlobalSection(SolutionProperties) = preSolution
		HideSolutionNode = FALSE
	EndGlobalSection
	GlobalSection(ExtensibilityGlobals) = postSolution
		SolutionGuid = {D34A462F-9D8D-4254-B144-6A7FA1A34F31}
	EndGlobalSection
EndGlobal
